
Microsoft Visual Studio Solution File, Format Version 12.00
# Visual Studio Version 17
VisualStudioVersion = 17.11.35111.106
MinimumVisualStudioVersion = 10.0.40219.1
Project("{FAE04EC0-301F-11D3-BF4B-00C04F79EFBC}") = "Web Api - JWT", "Web Api - JWT\Web Api - JWT.csproj", "{767BD096-6CB6-4DF2-8D77-8D7D99003C1F}"
EndProject
Global
	GlobalSection(SolutionConfigurationPlatforms) = preSolution
		Debug|Any CPU = Debug|Any CPU
		Release|Any CPU = Release|Any CPU
	EndGlobalSection
	GlobalSection(ProjectConfigurationPlatforms) = postSolution
		{767BD096-6CB6-4DF2-8D77-8D7D99003C1F}.Debug|Any CPU.ActiveCfg = Debug|Any CPU
		{767BD096-6CB6-4DF2-8D77-8D7D99003C1F}.Debug|Any CPU.Build.0 = Debug|Any CPU
		{767BD096-6CB6-4DF2-8D77-8D7D99003C1F}.Release|Any CPU.ActiveCfg = Release|Any CPU
		{767BD096-6CB6-4DF2-8D77-8D7D99003C1F}.Release|Any CPU.Build.0 = Release|Any CPU
	EndGlobalSection
	GlobalSection(SolutionProperties) = preSolution
		HideSolutionNode = FALSE
	EndGlobalSection
	GlobalSection(ExtensibilityGlobals) = postSolution
		SolutionGuid = {C8BFF332-877E-45A3-861F-6240B4FAE10C}
	EndGlobalSection
EndGlobal
